
Microsoft Visual Studio Solution File, Format Version 12.00
# Visual Studio Version 16
VisualStudioVersion = 16.0.30804.86
MinimumVisualStudioVersion = 10.0.40219.1
Project("{2150E333-8FDC-42A3-9474-1A3956D46DE8}") = "Solution Items", "Solution Items", "{3A2DA035-5621-47A7-9582-43324D9E8FDE}"
	ProjectSection(SolutionItems) = preProject
		.gitignore = .gitignore
	EndProjectSection
EndProject
Project("{FAE04EC0-301F-11D3-BF4B-00C04F79EFBC}") = "Stream.Server.Domain", "Stream.Server.Domain\Stream.Server.Domain.csproj", "{DA4B41C2-EE29-40B4-B749-F8CC7B13C96E}"
EndProject
Project("{FAE04EC0-301F-11D3-BF4B-00C04F79EFBC}") = "Stream.Server.Domain.Infra", "Stream.Server.Domain.Infra\Stream.Server.Domain.Infra.csproj", "{CB25250C-8682-4BB4-8FDB-1568E0397D7E}"
EndProject
Project("{FAE04EC0-301F-11D3-BF4B-00C04F79EFBC}") = "Stream.Server.Domain.Test", "Stream.Server.Domain.Test\Stream.Server.Domain.Test.csproj", "{F7C3BD0D-A5A2-4E28-B8D3-3B46A2A0BA7F}"
EndProject
Project("{FAE04EC0-301F-11D3-BF4B-00C04F79EFBC}") = "Stream.Server.Api", "Stream.Server.Api\Stream.Server.Api.csproj", "{C5CF8241-D2FE-4DA0-A26A-81AD55B6AAE3}"
EndProject
Global
	GlobalSection(SolutionConfigurationPlatforms) = preSolution
		Debug|Any CPU = Debug|Any CPU
		Release|Any CPU = Release|Any CPU
	EndGlobalSection
	GlobalSection(ProjectConfigurationPlatforms) = postSolution
		{DA4B41C2-EE29-40B4-B749-F8CC7B13C96E}.Debug|Any CPU.ActiveCfg = Debug|Any CPU
		{DA4B41C2-EE29-40B4-B749-F8CC7B13C96E}.Debug|Any CPU.Build.0 = Debug|Any CPU
		{DA4B41C2-EE29-40B4-B749-F8CC7B13C96E}.Release|Any CPU.ActiveCfg = Release|Any CPU
		{DA4B41C2-EE29-40B4-B749-F8CC7B13C96E}.Release|Any CPU.Build.0 = Release|Any CPU
		{CB25250C-8682-4BB4-8FDB-1568E0397D7E}.Debug|Any CPU.ActiveCfg = Debug|Any CPU
		{CB25250C-8682-4BB4-8FDB-1568E0397D7E}.Debug|Any CPU.Build.0 = Debug|Any CPU
		{CB25250C-8682-4BB4-8FDB-1568E0397D7E}.Release|Any CPU.ActiveCfg = Release|Any CPU
		{CB25250C-8682-4BB4-8FDB-1568E0397D7E}.Release|Any CPU.Build.0 = Release|Any CPU
		{F7C3BD0D-A5A2-4E28-B8D3-3B46A2A0BA7F}.Debug|Any CPU.ActiveCfg = Debug|Any CPU
		{F7C3BD0D-A5A2-4E28-B8D3-3B46A2A0BA7F}.Debug|Any CPU.Build.0 = Debug|Any CPU
		{F7C3BD0D-A5A2-4E28-B8D3-3B46A2A0BA7F}.Release|Any CPU.ActiveCfg = Release|Any CPU
		{F7C3BD0D-A5A2-4E28-B8D3-3B46A2A0BA7F}.Release|Any CPU.Build.0 = Release|Any CPU
		{C5CF8241-D2FE-4DA0-A26A-81AD55B6AAE3}.Debug|Any CPU.ActiveCfg = Debug|Any CPU
		{C5CF8241-D2FE-4DA0-A26A-81AD55B6AAE3}.Debug|Any CPU.Build.0 = Debug|Any CPU
		{C5CF8241-D2FE-4DA0-A26A-81AD55B6AAE3}.Release|Any CPU.ActiveCfg = Release|Any CPU
		{C5CF8241-D2FE-4DA0-A26A-81AD55B6AAE3}.Release|Any CPU.Build.0 = Release|Any CPU
	EndGlobalSection
	GlobalSection(SolutionProperties) = preSolution
		HideSolutionNode = FALSE
	EndGlobalSection
	GlobalSection(ExtensibilityGlobals) = postSolution
		SolutionGuid = {87B67728-A4DA-42F6-B808-93DB11E1760E}
	EndGlobalSection
EndGlobal
